# Run ./gradlew --write-locks to regenerate this file
com.carrotsearch:hppc:0.8.2 (1 constraints: a20a46ca)
com.carrotsearch.lingo3g:lingo3g:2.0.0-beta1 (1 constraints: ae055a47)
org.apache.logging.log4j:log4j-api:2.12.1 (2 constraints: 8619c13f)
org.apache.logging.log4j:log4j-core:2.12.1 (2 constraints: 0510a0c1)
org.apache.logging.log4j:log4j-slf4j18-impl:2.12.1 (2 constraints: 0510a0c1)
org.carrot2:carrot2-core:4.0.3 (1 constraints: 09050236)
org.carrot2:morfologik-fsa:2.1.7 (2 constraints: 7a1820aa)
org.carrot2:morfologik-stemming:2.1.7 (2 constraints: 7f184ed7)
org.elasticsearch:elasticsearch:7.8.1 (1 constraints: 12052736)
org.elasticsearch:elasticsearch-x-content:7.8.1 (1 constraints: 12052736)
org.slf4j:slf4j-api:1.8.0-beta2 (2 constraints: 731c6e18)
